
Microsoft Visual Studio Solution File, Format Version 12.00
# Visual Studio Version 16
VisualStudioVersion = 16.0.31019.35
MinimumVisualStudioVersion = 10.0.40219.1
Project("{9A19103F-16F7-4668-BE54-9A1E7A4F7556}") = "UseCases", "UseCases\UseCases.csproj", "{E5984EA4-E892-46BF-A2E6-D292AE5DBFC5}"
EndProject
Project("{9A19103F-16F7-4668-BE54-9A1E7A4F7556}") = "DomainModel", "DomainModel\DomainModel.csproj", "{0C41B654-92A2-42DF-AD13-75E996588EBF}"
EndProject
Project("{9A19103F-16F7-4668-BE54-9A1E7A4F7556}") = "ReadModels", "ReadModels\ReadModels.csproj", "{2A265B09-AF4A-4087-8610-E740E323BC0B}"
EndProject
Project("{9A19103F-16F7-4668-BE54-9A1E7A4F7556}") = "DomainEvents", "DomainEvents\DomainEvents.csproj", "{360F2213-1995-4CCD-B475-FF174C643A9A}"
EndProject
Project("{9A19103F-16F7-4668-BE54-9A1E7A4F7556}") = "DataAccess", "DataAccess\DataAccess.csproj", "{4D895EF9-4593-4F7C-8113-4F1154DD3168}"
EndProject
Project("{9A19103F-16F7-4668-BE54-9A1E7A4F7556}") = "DataSource", "DataSource\DataSource.csproj", "{6EEF6CF9-47C3-49D3-8918-40DB279C5038}"
EndProject
Project("{2150E333-8FDC-42A3-9474-1A3956D46DE8}") = "Infrastructure", "Infrastructure", "{EB129762-5830-469E-9671-76399103CCEF}"
EndProject
Project("{9A19103F-16F7-4668-BE54-9A1E7A4F7556}") = "CommandHandling", "CommandHandling\CommandHandling.csproj", "{67285BAB-57A2-48AE-A318-6FFF4AAC0D10}"
EndProject
Project("{9A19103F-16F7-4668-BE54-9A1E7A4F7556}") = "EventHandling", "EventHandling\EventHandling.csproj", "{CB68F41D-5DEE-445D-8F3E-831274CCA6F3}"
EndProject
Project("{9A19103F-16F7-4668-BE54-9A1E7A4F7556}") = "QueryHandling", "QueryHandling\QueryHandling.csproj", "{6BFA6D20-0422-4BEB-98C9-9AA290B05F2B}"
EndProject
Project("{9A19103F-16F7-4668-BE54-9A1E7A4F7556}") = "KnowledgeManagementAPI", "KnowledgeManagementAPI\KnowledgeManagementAPI.csproj", "{B4291C71-8BC8-42F2-B745-E299EF8DDD4F}"
EndProject
Project("{FAE04EC0-301F-11D3-BF4B-00C04F79EFBC}") = "DomainModel.Tests", "DomainModel.Tests\DomainModel.Tests\DomainModel.Tests.csproj", "{0D673573-3B2B-4646-8675-E5073308883F}"
EndProject
Global
	GlobalSection(SolutionConfigurationPlatforms) = preSolution
		Debug|Any CPU = Debug|Any CPU
		Release|Any CPU = Release|Any CPU
	EndGlobalSection
	GlobalSection(ProjectConfigurationPlatforms) = postSolution
		{E5984EA4-E892-46BF-A2E6-D292AE5DBFC5}.Debug|Any CPU.ActiveCfg = Debug|Any CPU
		{E5984EA4-E892-46BF-A2E6-D292AE5DBFC5}.Debug|Any CPU.Build.0 = Debug|Any CPU
		{E5984EA4-E892-46BF-A2E6-D292AE5DBFC5}.Release|Any CPU.ActiveCfg = Release|Any CPU
		{E5984EA4-E892-46BF-A2E6-D292AE5DBFC5}.Release|Any CPU.Build.0 = Release|Any CPU
		{0C41B654-92A2-42DF-AD13-75E996588EBF}.Debug|Any CPU.ActiveCfg = Debug|Any CPU
		{0C41B654-92A2-42DF-AD13-75E996588EBF}.Debug|Any CPU.Build.0 = Debug|Any CPU
		{0C41B654-92A2-42DF-AD13-75E996588EBF}.Release|Any CPU.ActiveCfg = Release|Any CPU
		{0C41B654-92A2-42DF-AD13-75E996588EBF}.Release|Any CPU.Build.0 = Release|Any CPU
		{2A265B09-AF4A-4087-8610-E740E323BC0B}.Debug|Any CPU.ActiveCfg = Debug|Any CPU
		{2A265B09-AF4A-4087-8610-E740E323BC0B}.Debug|Any CPU.Build.0 = Debug|Any CPU
		{2A265B09-AF4A-4087-8610-E740E323BC0B}.Release|Any CPU.ActiveCfg = Release|Any CPU
		{2A265B09-AF4A-4087-8610-E740E323BC0B}.Release|Any CPU.Build.0 = Release|Any CPU
		{360F2213-1995-4CCD-B475-FF174C643A9A}.Debug|Any CPU.ActiveCfg = Debug|Any CPU
		{360F2213-1995-4CCD-B475-FF174C643A9A}.Debug|Any CPU.Build.0 = Debug|Any CPU
		{360F2213-1995-4CCD-B475-FF174C643A9A}.Release|Any CPU.ActiveCfg = Release|Any CPU
		{360F2213-1995-4CCD-B475-FF174C643A9A}.Release|Any CPU.Build.0 = Release|Any CPU
		{4D895EF9-4593-4F7C-8113-4F1154DD3168}.Debug|Any CPU.ActiveCfg = Debug|Any CPU
		{4D895EF9-4593-4F7C-8113-4F1154DD3168}.Debug|Any CPU.Build.0 = Debug|Any CPU
		{4D895EF9-4593-4F7C-8113-4F1154DD3168}.Release|Any CPU.ActiveCfg = Release|Any CPU
		{4D895EF9-4593-4F7C-8113-4F1154DD3168}.Release|Any CPU.Build.0 = Release|Any CPU
		{6EEF6CF9-47C3-49D3-8918-40DB279C5038}.Debug|Any CPU.ActiveCfg = Debug|Any CPU
		{6EEF6CF9-47C3-49D3-8918-40DB279C5038}.Debug|Any CPU.Build.0 = Debug|Any CPU
		{6EEF6CF9-47C3-49D3-8918-40DB279C5038}.Release|Any CPU.ActiveCfg = Release|Any CPU
		{6EEF6CF9-47C3-49D3-8918-40DB279C5038}.Release|Any CPU.Build.0 = Release|Any CPU
		{67285BAB-57A2-48AE-A318-6FFF4AAC0D10}.Debug|Any CPU.ActiveCfg = Debug|Any CPU
		{67285BAB-57A2-48AE-A318-6FFF4AAC0D10}.Debug|Any CPU.Build.0 = Debug|Any CPU
		{67285BAB-57A2-48AE-A318-6FFF4AAC0D10}.Release|Any CPU.ActiveCfg = Release|Any CPU
		{67285BAB-57A2-48AE-A318-6FFF4AAC0D10}.Release|Any CPU.Build.0 = Release|Any CPU
		{CB68F41D-5DEE-445D-8F3E-831274CCA6F3}.Debug|Any CPU.ActiveCfg = Debug|Any CPU
		{CB68F41D-5DEE-445D-8F3E-831274CCA6F3}.Debug|Any CPU.Build.0 = Debug|Any CPU
		{CB68F41D-5DEE-445D-8F3E-831274CCA6F3}.Release|Any CPU.ActiveCfg = Release|Any CPU
		{CB68F41D-5DEE-445D-8F3E-831274CCA6F3}.Release|Any CPU.Build.0 = Release|Any CPU
		{6BFA6D20-0422-4BEB-98C9-9AA290B05F2B}.Debug|Any CPU.ActiveCfg = Debug|Any CPU
		{6BFA6D20-0422-4BEB-98C9-9AA290B05F2B}.Debug|Any CPU.Build.0 = Debug|Any CPU
		{6BFA6D20-0422-4BEB-98C9-9AA290B05F2B}.Release|Any CPU.ActiveCfg = Release|Any CPU
		{6BFA6D20-0422-4BEB-98C9-9AA290B05F2B}.Release|Any CPU.Build.0 = Release|Any CPU
		{B4291C71-8BC8-42F2-B745-E299EF8DDD4F}.Debug|Any CPU.ActiveCfg = Debug|Any CPU
		{B4291C71-8BC8-42F2-B745-E299EF8DDD4F}.Debug|Any CPU.Build.0 = Debug|Any CPU
		{B4291C71-8BC8-42F2-B745-E299EF8DDD4F}.Release|Any CPU.ActiveCfg = Release|Any CPU
		{B4291C71-8BC8-42F2-B745-E299EF8DDD4F}.Release|Any CPU.Build.0 = Release|Any CPU
		{0D673573-3B2B-4646-8675-E5073308883F}.Debug|Any CPU.ActiveCfg = Debug|Any CPU
		{0D673573-3B2B-4646-8675-E5073308883F}.Debug|Any CPU.Build.0 = Debug|Any CPU
		{0D673573-3B2B-4646-8675-E5073308883F}.Release|Any CPU.ActiveCfg = Release|Any CPU
		{0D673573-3B2B-4646-8675-E5073308883F}.Release|Any CPU.Build.0 = Release|Any CPU
	EndGlobalSection
	GlobalSection(SolutionProperties) = preSolution
		HideSolutionNode = FALSE
	EndGlobalSection
	GlobalSection(NestedProjects) = preSolution
		{67285BAB-57A2-48AE-A318-6FFF4AAC0D10} = {EB129762-5830-469E-9671-76399103CCEF}
		{CB68F41D-5DEE-445D-8F3E-831274CCA6F3} = {EB129762-5830-469E-9671-76399103CCEF}
		{6BFA6D20-0422-4BEB-98C9-9AA290B05F2B} = {EB129762-5830-469E-9671-76399103CCEF}
	EndGlobalSection
	GlobalSection(ExtensibilityGlobals) = postSolution
		SolutionGuid = {D66608EE-4992-49FA-957E-9D3BB0C9F8BF}
	EndGlobalSection
EndGlobal
